
Microsoft Visual Studio Solution File, Format Version 12.00
# Visual Studio Version 16
VisualStudioVersion = 16.0.32413.511
MinimumVisualStudioVersion = 10.0.40219.1
Project("{FAE04EC0-301F-11D3-BF4B-00C04F79EFBC}") = "SendEmail", "SendEmail\SendEmail.csproj", "{A2C9991E-BC6D-4FEF-B0E2-A90FF06006B3}"
EndProject
Global
	GlobalSection(SolutionConfigurationPlatforms) = preSolution
		Debug|Any CPU = Debug|Any CPU
		Release|Any CPU = Release|Any CPU
	EndGlobalSection
	GlobalSection(ProjectConfigurationPlatforms) = postSolution
		{A2C9991E-BC6D-4FEF-B0E2-A90FF06006B3}.Debug|Any CPU.ActiveCfg = Debug|Any CPU
		{A2C9991E-BC6D-4FEF-B0E2-A90FF06006B3}.Debug|Any CPU.Build.0 = Debug|Any CPU
		{A2C9991E-BC6D-4FEF-B0E2-A90FF06006B3}.Release|Any CPU.ActiveCfg = Release|Any CPU
		{A2C9991E-BC6D-4FEF-B0E2-A90FF06006B3}.Release|Any CPU.Build.0 = Release|Any CPU
	EndGlobalSection
	GlobalSection(SolutionProperties) = preSolution
		HideSolutionNode = FALSE
	EndGlobalSection
	GlobalSection(ExtensibilityGlobals) = postSolution
		SolutionGuid = {C285CF51-F022-4726-A80A-8E5C0794CF39}
	EndGlobalSection
EndGlobal
